
Microsoft Visual Studio Solution File, Format Version 12.00
# Visual Studio 15
VisualStudioVersion = 15.0.28307.168
MinimumVisualStudioVersion = 10.0.40219.1
Project("{8BC9CEB8-8B4A-11D0-8D11-00A0C91BC942}") = "Engine", "Engine\Engine.vcxproj", "{3DD387E1-E8B4-4B63-8E58-D5E739F84C8D}"
EndProject
Project("{8BC9CEB8-8B4A-11D0-8D11-00A0C91BC942}") = "Test", "Test\Test.vcxproj", "{84811F1D-FC96-4024-9882-7F0E9B458271}"
	ProjectSection(ProjectDependencies) = postProject
		{3DD387E1-E8B4-4B63-8E58-D5E739F84C8D} = {3DD387E1-E8B4-4B63-8E58-D5E739F84C8D}
	EndProjectSection
EndProject
Global
	GlobalSection(SolutionConfigurationPlatforms) = preSolution
		Debug|x64 = Debug|x64
		Release|x64 = Release|x64
	EndGlobalSection
	GlobalSection(ProjectConfigurationPlatforms) = postSolution
		{3DD387E1-E8B4-4B63-8E58-D5E739F84C8D}.Debug|x64.ActiveCfg = Debug|x64
		{3DD387E1-E8B4-4B63-8E58-D5E739F84C8D}.Debug|x64.Build.0 = Debug|x64
		{3DD387E1-E8B4-4B63-8E58-D5E739F84C8D}.Release|x64.ActiveCfg = Release|x64
		{3DD387E1-E8B4-4B63-8E58-D5E739F84C8D}.Release|x64.Build.0 = Release|x64
		{84811F1D-FC96-4024-9882-7F0E9B458271}.Debug|x64.ActiveCfg = Debug|x64
		{84811F1D-FC96-4024-9882-7F0E9B458271}.Debug|x64.Build.0 = Debug|x64
		{84811F1D-FC96-4024-9882-7F0E9B458271}.Release|x64.ActiveCfg = Release|x64
		{84811F1D-FC96-4024-9882-7F0E9B458271}.Release|x64.Build.0 = Release|x64
	EndGlobalSection
	GlobalSection(SolutionProperties) = preSolution
		HideSolutionNode = FALSE
	EndGlobalSection
	GlobalSection(ExtensibilityGlobals) = postSolution
		SolutionGuid = {0B61BF51-453E-4244-B963-ADADF4BC2E84}
	EndGlobalSection
EndGlobal
