<?xml version="1.0" encoding="utf-8"?>
<Project ToolsVersion="4.0" xmlns="http://schemas.microsoft.com/developer/msbuild/2003">
  <ItemGroup>
    <Filter Include="Source Files">
      <UniqueIdentifier>{4FC737F1-C7A5-4376-A066-2A32D752A2FF}</UniqueIdentifier>
      <Extensions>cpp;c;cc;cxx;def;odl;idl;hpj;bat;asm;asmx</Extensions>
    </Filter>
    <Filter Include="Header Files">
      <UniqueIdentifier>{93995380-89BD-4b04-88EB-625FBE52EBFB}</UniqueIdentifier>
      <Extensions>h;hh;hpp;hxx;hm;inl;inc;ipp;xsd</Extensions>
    </Filter>
    <Filter Include="Resource Files">
      <UniqueIdentifier>{67DA6AB6-F800-4c08-8B7A-83BB121AAD01}</UniqueIdentifier>
      <Extensions>rc;ico;cur;bmp;dlg;rc2;rct;bin;rgs;gif;jpg;jpeg;jpe;resx;tiff;tif;png;wav;mfcribbon-ms</Extensions>
    </Filter>
  </ItemGroup>
  <ItemGroup>
    <ClInclude Include="src\MasterPoker\Core.h">
      <Filter>Header Files</Filter>
    </ClInclude>
    <ClInclude Include="src\Master.h">
      <Filter>Header Files</Filter>
    </ClInclude>
    <ClInclude Include="src\MasterPoker\card.hpp">
      <Filter>Header Files</Filter>
    </ClInclude>
    <ClInclude Include="src\MasterPoker\enums.hpp">
      <Filter>Header Files</Filter>
    </ClInclude>
    <ClInclude Include="src\MasterPoker\hand_strength.hpp">
      <Filter>Header Files</Filter>
    </ClInclude>
    <ClInclude Include="src\MasterPoker\hands.hpp">
      <Filter>Header Files</Filter>
    </ClInclude>
    <ClInclude Include="src\MasterPoker\helper.hpp">
      <Filter>Header Files</Filter>
    </ClInclude>
    <ClInclude Include="src\MasterPoker\Deck.hpp">
      <Filter>Header Files</Filter>
    </ClInclude>
    <ClInclude Include="src\MasterPoker\Parser.h">
      <Filter>Header Files</Filter>
    </ClInclude>
  </ItemGroup>
  <ItemGroup>
    <ClCompile Include="src\MasterPoker\card.cpp">
      <Filter>Source Files</Filter>
    </ClCompile>
    <ClCompile Include="src\MasterPoker\hand_strength.cpp">
      <Filter>Source Files</Filter>
    </ClCompile>
    <ClCompile Include="src\MasterPoker\hands.cpp">
      <Filter>Source Files</Filter>
    </ClCompile>
    <ClCompile Include="src\MasterPoker\helper.cpp">
      <Filter>Source Files</Filter>
    </ClCompile>
    <ClCompile Include="src\MasterPoker\Deck.cpp">
      <Filter>Source Files</Filter>
    </ClCompile>
    <ClCompile Include="src\MasterPoker\Parser.cpp">
      <Filter>Source Files</Filter>
    </ClCompile>
  </ItemGroup>
</Project>